
Microsoft Visual Studio Solution File, Format Version 12.00
# Visual Studio 2017
Project("{FAE04EC0-301F-11D3-BF4B-00C04F79EFBC}") = "R34AR_prototype_V2.Plugins", "R34AR_prototype_V2.Plugins.csproj", "{0726ACC3-570E-5365-08E7-C9F204177153}"
EndProject
Project("{FAE04EC0-301F-11D3-BF4B-00C04F79EFBC}") = "R34AR_prototype_V2", "R34AR_prototype_V2.csproj", "{CB5C49F4-B716-ADEF-2F66-9A96404691B9}"
EndProject
Project("{FAE04EC0-301F-11D3-BF4B-00C04F79EFBC}") = "R34AR_prototype_V2.Editor.Plugins", "R34AR_prototype_V2.Editor.Plugins.csproj", "{57A0D08C-D2EE-4F96-3384-5DDD36511681}"
EndProject
Project("{FAE04EC0-301F-11D3-BF4B-00C04F79EFBC}") = "R34AR_prototype_V2.Editor", "R34AR_prototype_V2.Editor.csproj", "{3B8155E9-6B99-055B-D7DD-0F1FB8FB63E9}"
EndProject
Global
	GlobalSection(SolutionConfigurationPlatforms) = preSolution
		Debug|Any CPU = Debug|Any CPU
		Release|Any CPU = Release|Any CPU
	EndGlobalSection
	GlobalSection(ProjectConfigurationPlatforms) = postSolution
		{0726ACC3-570E-5365-08E7-C9F204177153}.Debug|Any CPU.ActiveCfg = Debug|Any CPU
		{0726ACC3-570E-5365-08E7-C9F204177153}.Debug|Any CPU.Build.0 = Debug|Any CPU
		{0726ACC3-570E-5365-08E7-C9F204177153}.Release|Any CPU.ActiveCfg = Release|Any CPU
		{0726ACC3-570E-5365-08E7-C9F204177153}.Release|Any CPU.Build.0 = Release|Any CPU
		{CB5C49F4-B716-ADEF-2F66-9A96404691B9}.Debug|Any CPU.ActiveCfg = Debug|Any CPU
		{CB5C49F4-B716-ADEF-2F66-9A96404691B9}.Debug|Any CPU.Build.0 = Debug|Any CPU
		{CB5C49F4-B716-ADEF-2F66-9A96404691B9}.Release|Any CPU.ActiveCfg = Release|Any CPU
		{CB5C49F4-B716-ADEF-2F66-9A96404691B9}.Release|Any CPU.Build.0 = Release|Any CPU
		{57A0D08C-D2EE-4F96-3384-5DDD36511681}.Debug|Any CPU.ActiveCfg = Debug|Any CPU
		{57A0D08C-D2EE-4F96-3384-5DDD36511681}.Debug|Any CPU.Build.0 = Debug|Any CPU
		{57A0D08C-D2EE-4F96-3384-5DDD36511681}.Release|Any CPU.ActiveCfg = Release|Any CPU
		{57A0D08C-D2EE-4F96-3384-5DDD36511681}.Release|Any CPU.Build.0 = Release|Any CPU
		{3B8155E9-6B99-055B-D7DD-0F1FB8FB63E9}.Debug|Any CPU.ActiveCfg = Debug|Any CPU
		{3B8155E9-6B99-055B-D7DD-0F1FB8FB63E9}.Debug|Any CPU.Build.0 = Debug|Any CPU
		{3B8155E9-6B99-055B-D7DD-0F1FB8FB63E9}.Release|Any CPU.ActiveCfg = Release|Any CPU
		{3B8155E9-6B99-055B-D7DD-0F1FB8FB63E9}.Release|Any CPU.Build.0 = Release|Any CPU
	EndGlobalSection
	GlobalSection(SolutionProperties) = preSolution
		HideSolutionNode = FALSE
	EndGlobalSection
EndGlobal
